
Microsoft Visual Studio Solution File, Format Version 11.00
# Visual Studio 2010
Project("{8BC9CEB8-8B4A-11D0-8D11-00A0C91BC942}") = "Inquiry.cpp", "Inquiry.cpp\Inquiry.cpp.vcxproj", "{09658172-45F0-4C33-BB83-56B5082A99C6}"
EndProject
Global
	GlobalSection(SolutionConfigurationPlatforms) = preSolution
		Debug|Win32 = Debug|Win32
		Release|Win32 = Release|Win32
	EndGlobalSection
	GlobalSection(ProjectConfigurationPlatforms) = postSolution
		{09658172-45F0-4C33-BB83-56B5082A99C6}.Debug|Win32.ActiveCfg = Debug|Win32
		{09658172-45F0-4C33-BB83-56B5082A99C6}.Debug|Win32.Build.0 = Debug|Win32
		{09658172-45F0-4C33-BB83-56B5082A99C6}.Release|Win32.ActiveCfg = Release|Win32
		{09658172-45F0-4C33-BB83-56B5082A99C6}.Release|Win32.Build.0 = Release|Win32
	EndGlobalSection
	GlobalSection(SolutionProperties) = preSolution
		HideSolutionNode = FALSE
	EndGlobalSection
EndGlobal
